
Microsoft Visual Studio Solution File, Format Version 12.00
# Visual Studio Version 16
VisualStudioVersion = 16.0.30413.136
MinimumVisualStudioVersion = 10.0.40219.1
Project("{FAE04EC0-301F-11D3-BF4B-00C04F79EFBC}") = "TPFinal-OlivieriMatias", "TPFinal-OlivieriMatias\TPFinal-OlivieriMatias.csproj", "{64C63C66-E8F2-4C3E-9E6A-A63DF0CCB1A1}"
EndProject
Global
	GlobalSection(SolutionConfigurationPlatforms) = preSolution
		Debug|Any CPU = Debug|Any CPU
		Release|Any CPU = Release|Any CPU
	EndGlobalSection
	GlobalSection(ProjectConfigurationPlatforms) = postSolution
		{64C63C66-E8F2-4C3E-9E6A-A63DF0CCB1A1}.Debug|Any CPU.ActiveCfg = Debug|Any CPU
		{64C63C66-E8F2-4C3E-9E6A-A63DF0CCB1A1}.Debug|Any CPU.Build.0 = Debug|Any CPU
		{64C63C66-E8F2-4C3E-9E6A-A63DF0CCB1A1}.Release|Any CPU.ActiveCfg = Release|Any CPU
		{64C63C66-E8F2-4C3E-9E6A-A63DF0CCB1A1}.Release|Any CPU.Build.0 = Release|Any CPU
	EndGlobalSection
	GlobalSection(SolutionProperties) = preSolution
		HideSolutionNode = FALSE
	EndGlobalSection
	GlobalSection(ExtensibilityGlobals) = postSolution
		SolutionGuid = {B8087429-35CF-48BE-9864-742D2C13FBCE}
	EndGlobalSection
EndGlobal
